
Microsoft Visual Studio Solution File, Format Version 12.00
# Visual Studio 14
VisualStudioVersion = 14.0.24720.0
MinimumVisualStudioVersion = 10.0.40219.1
Project("{FAE04EC0-301F-11D3-BF4B-00C04F79EFBC}") = "AgeRanger.Web", "AgeRanger.Web\AgeRanger.Web.csproj", "{A46D7F98-2D7D-4A6D-A054-CAC7D3B8D8BC}"
EndProject
Project("{FAE04EC0-301F-11D3-BF4B-00C04F79EFBC}") = "AgeRanger.Web.Test", "AgeRanger.Web.Test\AgeRanger.Web.Test.csproj", "{0507AAB2-1C4C-47EA-B4E6-01E98C8C6E2E}"
EndProject
Global
	GlobalSection(SolutionConfigurationPlatforms) = preSolution
		Debug|Any CPU = Debug|Any CPU
		Release|Any CPU = Release|Any CPU
	EndGlobalSection
	GlobalSection(ProjectConfigurationPlatforms) = postSolution
		{A46D7F98-2D7D-4A6D-A054-CAC7D3B8D8BC}.Debug|Any CPU.ActiveCfg = Debug|Any CPU
		{A46D7F98-2D7D-4A6D-A054-CAC7D3B8D8BC}.Debug|Any CPU.Build.0 = Debug|Any CPU
		{A46D7F98-2D7D-4A6D-A054-CAC7D3B8D8BC}.Release|Any CPU.ActiveCfg = Release|Any CPU
		{A46D7F98-2D7D-4A6D-A054-CAC7D3B8D8BC}.Release|Any CPU.Build.0 = Release|Any CPU
		{0507AAB2-1C4C-47EA-B4E6-01E98C8C6E2E}.Debug|Any CPU.ActiveCfg = Debug|Any CPU
		{0507AAB2-1C4C-47EA-B4E6-01E98C8C6E2E}.Debug|Any CPU.Build.0 = Debug|Any CPU
		{0507AAB2-1C4C-47EA-B4E6-01E98C8C6E2E}.Release|Any CPU.ActiveCfg = Release|Any CPU
		{0507AAB2-1C4C-47EA-B4E6-01E98C8C6E2E}.Release|Any CPU.Build.0 = Release|Any CPU
	EndGlobalSection
	GlobalSection(SolutionProperties) = preSolution
		HideSolutionNode = FALSE
	EndGlobalSection
EndGlobal
